
Microsoft Visual Studio Solution File, Format Version 12.00
# Visual Studio Version 17
VisualStudioVersion = 17.13.35913.81 d17.13
MinimumVisualStudioVersion = 10.0.40219.1
Project("{FAE04EC0-301F-11D3-BF4B-00C04F79EFBC}") = "FileOperations", "FileOperations\FileOperations.csproj", "{90DE7CD9-B90D-4314-AAEC-8896F8299278}"
EndProject
Global
	GlobalSection(SolutionConfigurationPlatforms) = preSolution
		Debug|Any CPU = Debug|Any CPU
		Release|Any CPU = Release|Any CPU
	EndGlobalSection
	GlobalSection(ProjectConfigurationPlatforms) = postSolution
		{90DE7CD9-B90D-4314-AAEC-8896F8299278}.Debug|Any CPU.ActiveCfg = Debug|Any CPU
		{90DE7CD9-B90D-4314-AAEC-8896F8299278}.Debug|Any CPU.Build.0 = Debug|Any CPU
		{90DE7CD9-B90D-4314-AAEC-8896F8299278}.Release|Any CPU.ActiveCfg = Release|Any CPU
		{90DE7CD9-B90D-4314-AAEC-8896F8299278}.Release|Any CPU.Build.0 = Release|Any CPU
	EndGlobalSection
	GlobalSection(SolutionProperties) = preSolution
		HideSolutionNode = FALSE
	EndGlobalSection
	GlobalSection(ExtensibilityGlobals) = postSolution
		SolutionGuid = {2F96823F-8B3F-46CA-AEF2-C6624B053E00}
	EndGlobalSection
EndGlobal
